
Microsoft Visual Studio Solution File, Format Version 12.00
Project("{2150E333-8FDC-42A3-9474-1A3956D46DE8}") = "src", "src", "{8ED774F4-D429-4B82-B768-50DCA8EFF609}"
EndProject
Project("{2150E333-8FDC-42A3-9474-1A3956D46DE8}") = "tests", "tests", "{792FFE57-F1A0-47A4-9E2A-80F75FF2F8DB}"
EndProject
Project("{FAE04EC0-301F-11D3-BF4B-00C04F79EFBC}") = "Lab1", "src\Lab1\Lab1.csproj", "{EABA4888-E6C1-4ACC-856E-FBD34CEA3EDB}"
EndProject
Project("{FAE04EC0-301F-11D3-BF4B-00C04F79EFBC}") = "Lab1.Tests", "tests\Lab1.Tests\Lab1.Tests.csproj", "{4CA1BCBB-A6F3-4ED0-9E5F-849FF093EDE1}"
EndProject
Project("{2150E333-8FDC-42A3-9474-1A3956D46DE8}") = "common", "common", "{21E20419-0C74-46BC-9D7D-A24CEEC29ACC}"
	ProjectSection(SolutionItems) = preProject
		Directory.Build.props = Directory.Build.props
		Directory.Packages.props = Directory.Packages.props
		.editorconfig = .editorconfig
	EndProjectSection
EndProject
Project("{FAE04EC0-301F-11D3-BF4B-00C04F79EFBC}") = "Lab2", "src\Lab2\Lab2.csproj", "{433B9342-A6BF-4194-8F08-727AADAE7504}"
EndProject
Project("{FAE04EC0-301F-11D3-BF4B-00C04F79EFBC}") = "Lab3", "src\Lab3\Lab3.csproj", "{43B4CD48-18D5-4EDE-80CB-86460F4C64CB}"
EndProject
Project("{FAE04EC0-301F-11D3-BF4B-00C04F79EFBC}") = "Lab4", "src\Lab4\Lab4.csproj", "{A53D3DBD-FA2D-47B4-90A9-B44AF07ADE71}"
EndProject
Project("{2150E333-8FDC-42A3-9474-1A3956D46DE8}") = "Lab5", "Lab5", "{55C309C9-B7DE-4F64-AFDE-A33F9C2AB2D4}"
EndProject
Project("{FAE04EC0-301F-11D3-BF4B-00C04F79EFBC}") = "Lab2.Tests", "tests\Lab2.Tests\Lab2.Tests.csproj", "{25D0E1F0-760B-4E76-B0D9-3EF274B35AF6}"
EndProject
Project("{FAE04EC0-301F-11D3-BF4B-00C04F79EFBC}") = "Lab3.Tests", "tests\Lab3.Tests\Lab3.Tests.csproj", "{7E5E46DB-EF55-47E6-822A-6AE20BF2FCD9}"
EndProject
Project("{FAE04EC0-301F-11D3-BF4B-00C04F79EFBC}") = "Lab4.Tests", "tests\Lab4.Tests\Lab4.Tests.csproj", "{17689E4A-FE4F-4893-8E28-3BA911DEC8D8}"
EndProject
Project("{FAE04EC0-301F-11D3-BF4B-00C04F79EFBC}") = "Lab5.Tests", "tests\Lab5.Tests\Lab5.Tests.csproj", "{FA627A62-AD7A-4A72-B15C-EC8AEFD206DB}"
EndProject
Project("{2150E333-8FDC-42A3-9474-1A3956D46DE8}") = "src", "src", "{B2DF0995-551E-449F-83C2-500F5010CCE5}"
EndProject
Project("{2150E333-8FDC-42A3-9474-1A3956D46DE8}") = "Application", "Application", "{563D26E5-6C4F-474D-BC0D-4E89EDDA01D6}"
EndProject
Project("{2150E333-8FDC-42A3-9474-1A3956D46DE8}") = "Infastructure", "Infastructure", "{E5BF0FA9-AEF9-40CD-9A73-9C303A4A57F5}"
EndProject
Project("{2150E333-8FDC-42A3-9474-1A3956D46DE8}") = "Presentation", "Presentation", "{75432D3B-91AC-4448-9280-070EE03F1D98}"
EndProject
Project("{FAE04EC0-301F-11D3-BF4B-00C04F79EFBC}") = "Lab5", "src\Lab5\Lab5\Lab5.csproj", "{78D32CB0-FA64-4FEF-80C9-DAC466ED642E}"
EndProject
Project("{FAE04EC0-301F-11D3-BF4B-00C04F79EFBC}") = "Lab5.Application", "src\Lab5\src\Application\Lab5.Application\Lab5.Application.csproj", "{3E4C450F-2F4E-49C3-A098-9589371662D9}"
EndProject
Project("{FAE04EC0-301F-11D3-BF4B-00C04F79EFBC}") = "Lab5.Application.Abstractions", "src\Lab5\src\Application\Lab5.Application.Abstractions\Lab5.Application.Abstractions.csproj", "{45699A9D-A443-4BC9-B449-EABB0D5A6594}"
EndProject
Project("{FAE04EC0-301F-11D3-BF4B-00C04F79EFBC}") = "Lab5.Application.Contracts", "src\Lab5\src\Application\Lab5.Application.Contracts\Lab5.Application.Contracts.csproj", "{3CEF8A28-AABB-41C3-91B0-59DE4E4E14A3}"
EndProject
Project("{FAE04EC0-301F-11D3-BF4B-00C04F79EFBC}") = "Lab5.Application.Models", "src\Lab5\src\Application\Lab5.Application.Models\Lab5.Application.Models.csproj", "{627733A9-0641-42B2-8684-C3F241CEA7C7}"
EndProject
Project("{FAE04EC0-301F-11D3-BF4B-00C04F79EFBC}") = "Lab5.Infrastructure.DataAccess", "src\Lab5\src\Infastructure\Lab5.Infrastructure.DataAccess\Lab5.Infrastructure.DataAccess.csproj", "{30F9A1C6-F55F-4470-B306-389D0BEA0328}"
EndProject
Project("{FAE04EC0-301F-11D3-BF4B-00C04F79EFBC}") = "Lab5.Presentation.Console", "src\Lab5\src\Presentation\Lab5.Presentation.Console\Lab5.Presentation.Console.csproj", "{604C16C6-E983-45A2-93F1-9E330BCF1A7B}"
EndProject
Project("{2150E333-8FDC-42A3-9474-1A3956D46DE8}") = "docker", "docker", "{02020343-EEC3-4AFA-8901-7022183ED205}"
	ProjectSection(SolutionItems) = preProject
		docker\.env = docker\.env
		docker\docker-compose.yaml = docker\docker-compose.yaml
	EndProjectSection
EndProject
Global
	GlobalSection(SolutionConfigurationPlatforms) = preSolution
		Debug|Any CPU = Debug|Any CPU
		Release|Any CPU = Release|Any CPU
	EndGlobalSection
	GlobalSection(NestedProjects) = preSolution
		{EABA4888-E6C1-4ACC-856E-FBD34CEA3EDB} = {8ED774F4-D429-4B82-B768-50DCA8EFF609}
		{4CA1BCBB-A6F3-4ED0-9E5F-849FF093EDE1} = {792FFE57-F1A0-47A4-9E2A-80F75FF2F8DB}
		{433B9342-A6BF-4194-8F08-727AADAE7504} = {8ED774F4-D429-4B82-B768-50DCA8EFF609}
		{43B4CD48-18D5-4EDE-80CB-86460F4C64CB} = {8ED774F4-D429-4B82-B768-50DCA8EFF609}
		{A53D3DBD-FA2D-47B4-90A9-B44AF07ADE71} = {8ED774F4-D429-4B82-B768-50DCA8EFF609}
		{55C309C9-B7DE-4F64-AFDE-A33F9C2AB2D4} = {8ED774F4-D429-4B82-B768-50DCA8EFF609}
		{25D0E1F0-760B-4E76-B0D9-3EF274B35AF6} = {792FFE57-F1A0-47A4-9E2A-80F75FF2F8DB}
		{7E5E46DB-EF55-47E6-822A-6AE20BF2FCD9} = {792FFE57-F1A0-47A4-9E2A-80F75FF2F8DB}
		{17689E4A-FE4F-4893-8E28-3BA911DEC8D8} = {792FFE57-F1A0-47A4-9E2A-80F75FF2F8DB}
		{FA627A62-AD7A-4A72-B15C-EC8AEFD206DB} = {792FFE57-F1A0-47A4-9E2A-80F75FF2F8DB}
		{B2DF0995-551E-449F-83C2-500F5010CCE5} = {55C309C9-B7DE-4F64-AFDE-A33F9C2AB2D4}
		{563D26E5-6C4F-474D-BC0D-4E89EDDA01D6} = {B2DF0995-551E-449F-83C2-500F5010CCE5}
		{E5BF0FA9-AEF9-40CD-9A73-9C303A4A57F5} = {B2DF0995-551E-449F-83C2-500F5010CCE5}
		{75432D3B-91AC-4448-9280-070EE03F1D98} = {B2DF0995-551E-449F-83C2-500F5010CCE5}
		{78D32CB0-FA64-4FEF-80C9-DAC466ED642E} = {55C309C9-B7DE-4F64-AFDE-A33F9C2AB2D4}
		{3E4C450F-2F4E-49C3-A098-9589371662D9} = {563D26E5-6C4F-474D-BC0D-4E89EDDA01D6}
		{45699A9D-A443-4BC9-B449-EABB0D5A6594} = {563D26E5-6C4F-474D-BC0D-4E89EDDA01D6}
		{3CEF8A28-AABB-41C3-91B0-59DE4E4E14A3} = {563D26E5-6C4F-474D-BC0D-4E89EDDA01D6}
		{627733A9-0641-42B2-8684-C3F241CEA7C7} = {563D26E5-6C4F-474D-BC0D-4E89EDDA01D6}
		{30F9A1C6-F55F-4470-B306-389D0BEA0328} = {E5BF0FA9-AEF9-40CD-9A73-9C303A4A57F5}
		{604C16C6-E983-45A2-93F1-9E330BCF1A7B} = {75432D3B-91AC-4448-9280-070EE03F1D98}
		{02020343-EEC3-4AFA-8901-7022183ED205} = {21E20419-0C74-46BC-9D7D-A24CEEC29ACC}
	EndGlobalSection
	GlobalSection(ProjectConfigurationPlatforms) = postSolution
		{EABA4888-E6C1-4ACC-856E-FBD34CEA3EDB}.Debug|Any CPU.ActiveCfg = Debug|Any CPU
		{EABA4888-E6C1-4ACC-856E-FBD34CEA3EDB}.Debug|Any CPU.Build.0 = Debug|Any CPU
		{EABA4888-E6C1-4ACC-856E-FBD34CEA3EDB}.Release|Any CPU.ActiveCfg = Release|Any CPU
		{EABA4888-E6C1-4ACC-856E-FBD34CEA3EDB}.Release|Any CPU.Build.0 = Release|Any CPU
		{4CA1BCBB-A6F3-4ED0-9E5F-849FF093EDE1}.Debug|Any CPU.ActiveCfg = Debug|Any CPU
		{4CA1BCBB-A6F3-4ED0-9E5F-849FF093EDE1}.Debug|Any CPU.Build.0 = Debug|Any CPU
		{4CA1BCBB-A6F3-4ED0-9E5F-849FF093EDE1}.Release|Any CPU.ActiveCfg = Release|Any CPU
		{4CA1BCBB-A6F3-4ED0-9E5F-849FF093EDE1}.Release|Any CPU.Build.0 = Release|Any CPU
		{433B9342-A6BF-4194-8F08-727AADAE7504}.Debug|Any CPU.ActiveCfg = Debug|Any CPU
		{433B9342-A6BF-4194-8F08-727AADAE7504}.Debug|Any CPU.Build.0 = Debug|Any CPU
		{433B9342-A6BF-4194-8F08-727AADAE7504}.Release|Any CPU.ActiveCfg = Release|Any CPU
		{433B9342-A6BF-4194-8F08-727AADAE7504}.Release|Any CPU.Build.0 = Release|Any CPU
		{43B4CD48-18D5-4EDE-80CB-86460F4C64CB}.Debug|Any CPU.ActiveCfg = Debug|Any CPU
		{43B4CD48-18D5-4EDE-80CB-86460F4C64CB}.Debug|Any CPU.Build.0 = Debug|Any CPU
		{43B4CD48-18D5-4EDE-80CB-86460F4C64CB}.Release|Any CPU.ActiveCfg = Release|Any CPU
		{43B4CD48-18D5-4EDE-80CB-86460F4C64CB}.Release|Any CPU.Build.0 = Release|Any CPU
		{A53D3DBD-FA2D-47B4-90A9-B44AF07ADE71}.Debug|Any CPU.ActiveCfg = Debug|Any CPU
		{A53D3DBD-FA2D-47B4-90A9-B44AF07ADE71}.Debug|Any CPU.Build.0 = Debug|Any CPU
		{A53D3DBD-FA2D-47B4-90A9-B44AF07ADE71}.Release|Any CPU.ActiveCfg = Release|Any CPU
		{A53D3DBD-FA2D-47B4-90A9-B44AF07ADE71}.Release|Any CPU.Build.0 = Release|Any CPU
		{25D0E1F0-760B-4E76-B0D9-3EF274B35AF6}.Debug|Any CPU.ActiveCfg = Debug|Any CPU
		{25D0E1F0-760B-4E76-B0D9-3EF274B35AF6}.Debug|Any CPU.Build.0 = Debug|Any CPU
		{25D0E1F0-760B-4E76-B0D9-3EF274B35AF6}.Release|Any CPU.ActiveCfg = Release|Any CPU
		{25D0E1F0-760B-4E76-B0D9-3EF274B35AF6}.Release|Any CPU.Build.0 = Release|Any CPU
		{7E5E46DB-EF55-47E6-822A-6AE20BF2FCD9}.Debug|Any CPU.ActiveCfg = Debug|Any CPU
		{7E5E46DB-EF55-47E6-822A-6AE20BF2FCD9}.Debug|Any CPU.Build.0 = Debug|Any CPU
		{7E5E46DB-EF55-47E6-822A-6AE20BF2FCD9}.Release|Any CPU.ActiveCfg = Release|Any CPU
		{7E5E46DB-EF55-47E6-822A-6AE20BF2FCD9}.Release|Any CPU.Build.0 = Release|Any CPU
		{17689E4A-FE4F-4893-8E28-3BA911DEC8D8}.Debug|Any CPU.ActiveCfg = Debug|Any CPU
		{17689E4A-FE4F-4893-8E28-3BA911DEC8D8}.Debug|Any CPU.Build.0 = Debug|Any CPU
		{17689E4A-FE4F-4893-8E28-3BA911DEC8D8}.Release|Any CPU.ActiveCfg = Release|Any CPU
		{17689E4A-FE4F-4893-8E28-3BA911DEC8D8}.Release|Any CPU.Build.0 = Release|Any CPU
		{FA627A62-AD7A-4A72-B15C-EC8AEFD206DB}.Debug|Any CPU.ActiveCfg = Debug|Any CPU
		{FA627A62-AD7A-4A72-B15C-EC8AEFD206DB}.Debug|Any CPU.Build.0 = Debug|Any CPU
		{FA627A62-AD7A-4A72-B15C-EC8AEFD206DB}.Release|Any CPU.ActiveCfg = Release|Any CPU
		{FA627A62-AD7A-4A72-B15C-EC8AEFD206DB}.Release|Any CPU.Build.0 = Release|Any CPU
		{78D32CB0-FA64-4FEF-80C9-DAC466ED642E}.Debug|Any CPU.ActiveCfg = Debug|Any CPU
		{78D32CB0-FA64-4FEF-80C9-DAC466ED642E}.Debug|Any CPU.Build.0 = Debug|Any CPU
		{78D32CB0-FA64-4FEF-80C9-DAC466ED642E}.Release|Any CPU.ActiveCfg = Release|Any CPU
		{78D32CB0-FA64-4FEF-80C9-DAC466ED642E}.Release|Any CPU.Build.0 = Release|Any CPU
		{3E4C450F-2F4E-49C3-A098-9589371662D9}.Debug|Any CPU.ActiveCfg = Debug|Any CPU
		{3E4C450F-2F4E-49C3-A098-9589371662D9}.Debug|Any CPU.Build.0 = Debug|Any CPU
		{3E4C450F-2F4E-49C3-A098-9589371662D9}.Release|Any CPU.ActiveCfg = Release|Any CPU
		{3E4C450F-2F4E-49C3-A098-9589371662D9}.Release|Any CPU.Build.0 = Release|Any CPU
		{45699A9D-A443-4BC9-B449-EABB0D5A6594}.Debug|Any CPU.ActiveCfg = Debug|Any CPU
		{45699A9D-A443-4BC9-B449-EABB0D5A6594}.Debug|Any CPU.Build.0 = Debug|Any CPU
		{45699A9D-A443-4BC9-B449-EABB0D5A6594}.Release|Any CPU.ActiveCfg = Release|Any CPU
		{45699A9D-A443-4BC9-B449-EABB0D5A6594}.Release|Any CPU.Build.0 = Release|Any CPU
		{3CEF8A28-AABB-41C3-91B0-59DE4E4E14A3}.Debug|Any CPU.ActiveCfg = Debug|Any CPU
		{3CEF8A28-AABB-41C3-91B0-59DE4E4E14A3}.Debug|Any CPU.Build.0 = Debug|Any CPU
		{3CEF8A28-AABB-41C3-91B0-59DE4E4E14A3}.Release|Any CPU.ActiveCfg = Release|Any CPU
		{3CEF8A28-AABB-41C3-91B0-59DE4E4E14A3}.Release|Any CPU.Build.0 = Release|Any CPU
		{627733A9-0641-42B2-8684-C3F241CEA7C7}.Debug|Any CPU.ActiveCfg = Debug|Any CPU
		{627733A9-0641-42B2-8684-C3F241CEA7C7}.Debug|Any CPU.Build.0 = Debug|Any CPU
		{627733A9-0641-42B2-8684-C3F241CEA7C7}.Release|Any CPU.ActiveCfg = Release|Any CPU
		{627733A9-0641-42B2-8684-C3F241CEA7C7}.Release|Any CPU.Build.0 = Release|Any CPU
		{30F9A1C6-F55F-4470-B306-389D0BEA0328}.Debug|Any CPU.ActiveCfg = Debug|Any CPU
		{30F9A1C6-F55F-4470-B306-389D0BEA0328}.Debug|Any CPU.Build.0 = Debug|Any CPU
		{30F9A1C6-F55F-4470-B306-389D0BEA0328}.Release|Any CPU.ActiveCfg = Release|Any CPU
		{30F9A1C6-F55F-4470-B306-389D0BEA0328}.Release|Any CPU.Build.0 = Release|Any CPU
		{604C16C6-E983-45A2-93F1-9E330BCF1A7B}.Debug|Any CPU.ActiveCfg = Debug|Any CPU
		{604C16C6-E983-45A2-93F1-9E330BCF1A7B}.Debug|Any CPU.Build.0 = Debug|Any CPU
		{604C16C6-E983-45A2-93F1-9E330BCF1A7B}.Release|Any CPU.ActiveCfg = Release|Any CPU
		{604C16C6-E983-45A2-93F1-9E330BCF1A7B}.Release|Any CPU.Build.0 = Release|Any CPU
	EndGlobalSection
EndGlobal
